
Microsoft Visual Studio Solution File, Format Version 12.00
# Visual Studio Version 17
VisualStudioVersion = 17.9.34607.119
MinimumVisualStudioVersion = 10.0.40219.1
Project("{2150E333-8FDC-42A3-9474-1A3956D46DE8}") = "Infrastructure", "Infrastructure", "{BEEAD39E-ED4A-4925-8EB5-0ABEFC06692D}"
EndProject
Project("{2150E333-8FDC-42A3-9474-1A3956D46DE8}") = "Services", "Services", "{3B58ABDA-B8A8-4A14-BF90-8608F3DC9782}"
EndProject
Project("{9A19103F-16F7-4668-BE54-9A1E7A4F7556}") = "InnoClinic.Authentication", "InnoClinic.Authentication\InnoClinic.Authentication.csproj", "{91780E88-23D0-46D8-AF89-D3AB9BD78A3C}"
EndProject
Project("{2150E333-8FDC-42A3-9474-1A3956D46DE8}") = "Auth", "Auth", "{6C5CD046-078E-4EA1-9FA3-B8F385F3BE5C}"
EndProject
Project("{9A19103F-16F7-4668-BE54-9A1E7A4F7556}") = "Auth.API", "Auth.API\Auth.API.csproj", "{B782E81D-2112-47C5-9B15-8A5CC64EA27C}"
EndProject
Project("{9A19103F-16F7-4668-BE54-9A1E7A4F7556}") = "Auth.Application", "Auth.Application\Auth.Application.csproj", "{74FE894A-F6D3-43E3-9545-B39D3B2BAE59}"
EndProject
Project("{9A19103F-16F7-4668-BE54-9A1E7A4F7556}") = "Auth.Domain", "Auth.Domain\Auth.Domain.csproj", "{D95DA75F-88AF-4673-B8AC-6F12A2A0E4EC}"
EndProject
Project("{9A19103F-16F7-4668-BE54-9A1E7A4F7556}") = "Auth.Infrastructure", "Auth.Infrastructure\Auth.Infrastructure.csproj", "{B6BF5927-6851-412F-849B-08EC9DEA48DB}"
EndProject
Project("{2150E333-8FDC-42A3-9474-1A3956D46DE8}") = "Profiles", "Profiles", "{E46440EB-D7EA-40D2-95E0-E03E6AF3FE0E}"
EndProject
Project("{9A19103F-16F7-4668-BE54-9A1E7A4F7556}") = "Profiles.API", "Profiles.API\Profiles.API.csproj", "{878590D9-A49E-4D1F-BC66-8DF60C609D36}"
EndProject
Project("{9A19103F-16F7-4668-BE54-9A1E7A4F7556}") = "InnoClinic.Domain", "InnoClinic.Domain\InnoClinic.Domain.csproj", "{2F90FE61-D587-48C0-BA92-609B0FB24257}"
EndProject
Project("{9A19103F-16F7-4668-BE54-9A1E7A4F7556}") = "InnoClinic.Application", "InnoClinic.Application\InnoClinic.Application.csproj", "{33ABD3A3-52CE-45A4-908E-BA07BD8315AA}"
EndProject
Project("{9A19103F-16F7-4668-BE54-9A1E7A4F7556}") = "InnoClinic.Infrastructure", "InnoClinic.Infrastructure\InnoClinic.Infrastructure.csproj", "{4775F520-1138-457D-9D72-88274DAC957F}"
EndProject
Project("{2150E333-8FDC-42A3-9474-1A3956D46DE8}") = "Officies", "Officies", "{3A9A07A4-A783-4E49-B9FA-70A8455C98D9}"
EndProject
Project("{2150E333-8FDC-42A3-9474-1A3956D46DE8}") = "Services", "Services", "{25C49D1E-59A2-443B-8043-BA33D0BD5843}"
EndProject
Project("{2150E333-8FDC-42A3-9474-1A3956D46DE8}") = "Appointments", "Appointments", "{6B29AA33-82AF-4B5C-98A5-1CB87EFF46F2}"
EndProject
Project("{2150E333-8FDC-42A3-9474-1A3956D46DE8}") = "Documents", "Documents", "{E31170A8-CC07-4CE3-93DB-5E63D0C0D549}"
EndProject
Project("{2150E333-8FDC-42A3-9474-1A3956D46DE8}") = "Gateway", "Gateway", "{DE3DE620-24ED-46F1-82FC-D667D3F24DFE}"
EndProject
Project("{9A19103F-16F7-4668-BE54-9A1E7A4F7556}") = "InnoClinic.Contracts", "InnoClinic.Contracts\InnoClinic.Contracts.csproj", "{5EDC7BD3-4098-402D-9B3F-1ECAF8711D75}"
EndProject
Project("{FAE04EC0-301F-11D3-BF4B-00C04F79EFBC}") = "Officies.API", "Officies.API\Officies.API.csproj", "{E88CDC99-DA1B-4615-8427-C402B71964EC}"
EndProject
Project("{FAE04EC0-301F-11D3-BF4B-00C04F79EFBC}") = "Officies.Domain", "Officies.Domain\Officies.Domain.csproj", "{7DD041F8-59C1-48D4-92F3-B9E707CAE507}"
EndProject
Project("{FAE04EC0-301F-11D3-BF4B-00C04F79EFBC}") = "Officies.Application", "Officies.Application\Officies.Application.csproj", "{EC26EDDF-2F47-4190-8078-51AF1C66181F}"
EndProject
Project("{FAE04EC0-301F-11D3-BF4B-00C04F79EFBC}") = "Officies.Infrastructure", "Officies.Infrastructure\Officies.Infrastructure.csproj", "{76AB5A76-9E00-4B14-B257-262BAA578A4A}"
EndProject
Project("{FAE04EC0-301F-11D3-BF4B-00C04F79EFBC}") = "InnoClinnic.Behaviours", "InnoClinnic.Behaviours\InnoClinnic.Behaviours.csproj", "{8F95A1A6-0813-4293-BDDE-55B455B6423A}"
EndProject
Global
	GlobalSection(SolutionConfigurationPlatforms) = preSolution
		Debug|Any CPU = Debug|Any CPU
		Release|Any CPU = Release|Any CPU
	EndGlobalSection
	GlobalSection(ProjectConfigurationPlatforms) = postSolution
		{91780E88-23D0-46D8-AF89-D3AB9BD78A3C}.Debug|Any CPU.ActiveCfg = Debug|Any CPU
		{91780E88-23D0-46D8-AF89-D3AB9BD78A3C}.Debug|Any CPU.Build.0 = Debug|Any CPU
		{91780E88-23D0-46D8-AF89-D3AB9BD78A3C}.Release|Any CPU.ActiveCfg = Release|Any CPU
		{91780E88-23D0-46D8-AF89-D3AB9BD78A3C}.Release|Any CPU.Build.0 = Release|Any CPU
		{B782E81D-2112-47C5-9B15-8A5CC64EA27C}.Debug|Any CPU.ActiveCfg = Debug|Any CPU
		{B782E81D-2112-47C5-9B15-8A5CC64EA27C}.Debug|Any CPU.Build.0 = Debug|Any CPU
		{B782E81D-2112-47C5-9B15-8A5CC64EA27C}.Release|Any CPU.ActiveCfg = Release|Any CPU
		{B782E81D-2112-47C5-9B15-8A5CC64EA27C}.Release|Any CPU.Build.0 = Release|Any CPU
		{74FE894A-F6D3-43E3-9545-B39D3B2BAE59}.Debug|Any CPU.ActiveCfg = Debug|Any CPU
		{74FE894A-F6D3-43E3-9545-B39D3B2BAE59}.Debug|Any CPU.Build.0 = Debug|Any CPU
		{74FE894A-F6D3-43E3-9545-B39D3B2BAE59}.Release|Any CPU.ActiveCfg = Release|Any CPU
		{74FE894A-F6D3-43E3-9545-B39D3B2BAE59}.Release|Any CPU.Build.0 = Release|Any CPU
		{D95DA75F-88AF-4673-B8AC-6F12A2A0E4EC}.Debug|Any CPU.ActiveCfg = Debug|Any CPU
		{D95DA75F-88AF-4673-B8AC-6F12A2A0E4EC}.Debug|Any CPU.Build.0 = Debug|Any CPU
		{D95DA75F-88AF-4673-B8AC-6F12A2A0E4EC}.Release|Any CPU.ActiveCfg = Release|Any CPU
		{D95DA75F-88AF-4673-B8AC-6F12A2A0E4EC}.Release|Any CPU.Build.0 = Release|Any CPU
		{B6BF5927-6851-412F-849B-08EC9DEA48DB}.Debug|Any CPU.ActiveCfg = Debug|Any CPU
		{B6BF5927-6851-412F-849B-08EC9DEA48DB}.Debug|Any CPU.Build.0 = Debug|Any CPU
		{B6BF5927-6851-412F-849B-08EC9DEA48DB}.Release|Any CPU.ActiveCfg = Release|Any CPU
		{B6BF5927-6851-412F-849B-08EC9DEA48DB}.Release|Any CPU.Build.0 = Release|Any CPU
		{878590D9-A49E-4D1F-BC66-8DF60C609D36}.Debug|Any CPU.ActiveCfg = Debug|Any CPU
		{878590D9-A49E-4D1F-BC66-8DF60C609D36}.Debug|Any CPU.Build.0 = Debug|Any CPU
		{878590D9-A49E-4D1F-BC66-8DF60C609D36}.Release|Any CPU.ActiveCfg = Release|Any CPU
		{878590D9-A49E-4D1F-BC66-8DF60C609D36}.Release|Any CPU.Build.0 = Release|Any CPU
		{2F90FE61-D587-48C0-BA92-609B0FB24257}.Debug|Any CPU.ActiveCfg = Debug|Any CPU
		{2F90FE61-D587-48C0-BA92-609B0FB24257}.Debug|Any CPU.Build.0 = Debug|Any CPU
		{2F90FE61-D587-48C0-BA92-609B0FB24257}.Release|Any CPU.ActiveCfg = Release|Any CPU
		{2F90FE61-D587-48C0-BA92-609B0FB24257}.Release|Any CPU.Build.0 = Release|Any CPU
		{33ABD3A3-52CE-45A4-908E-BA07BD8315AA}.Debug|Any CPU.ActiveCfg = Debug|Any CPU
		{33ABD3A3-52CE-45A4-908E-BA07BD8315AA}.Debug|Any CPU.Build.0 = Debug|Any CPU
		{33ABD3A3-52CE-45A4-908E-BA07BD8315AA}.Release|Any CPU.ActiveCfg = Release|Any CPU
		{33ABD3A3-52CE-45A4-908E-BA07BD8315AA}.Release|Any CPU.Build.0 = Release|Any CPU
		{4775F520-1138-457D-9D72-88274DAC957F}.Debug|Any CPU.ActiveCfg = Debug|Any CPU
		{4775F520-1138-457D-9D72-88274DAC957F}.Debug|Any CPU.Build.0 = Debug|Any CPU
		{4775F520-1138-457D-9D72-88274DAC957F}.Release|Any CPU.ActiveCfg = Release|Any CPU
		{4775F520-1138-457D-9D72-88274DAC957F}.Release|Any CPU.Build.0 = Release|Any CPU
		{5EDC7BD3-4098-402D-9B3F-1ECAF8711D75}.Debug|Any CPU.ActiveCfg = Debug|Any CPU
		{5EDC7BD3-4098-402D-9B3F-1ECAF8711D75}.Debug|Any CPU.Build.0 = Debug|Any CPU
		{5EDC7BD3-4098-402D-9B3F-1ECAF8711D75}.Release|Any CPU.ActiveCfg = Release|Any CPU
		{5EDC7BD3-4098-402D-9B3F-1ECAF8711D75}.Release|Any CPU.Build.0 = Release|Any CPU
		{E88CDC99-DA1B-4615-8427-C402B71964EC}.Debug|Any CPU.ActiveCfg = Debug|Any CPU
		{E88CDC99-DA1B-4615-8427-C402B71964EC}.Debug|Any CPU.Build.0 = Debug|Any CPU
		{E88CDC99-DA1B-4615-8427-C402B71964EC}.Release|Any CPU.ActiveCfg = Release|Any CPU
		{E88CDC99-DA1B-4615-8427-C402B71964EC}.Release|Any CPU.Build.0 = Release|Any CPU
		{7DD041F8-59C1-48D4-92F3-B9E707CAE507}.Debug|Any CPU.ActiveCfg = Debug|Any CPU
		{7DD041F8-59C1-48D4-92F3-B9E707CAE507}.Debug|Any CPU.Build.0 = Debug|Any CPU
		{7DD041F8-59C1-48D4-92F3-B9E707CAE507}.Release|Any CPU.ActiveCfg = Release|Any CPU
		{7DD041F8-59C1-48D4-92F3-B9E707CAE507}.Release|Any CPU.Build.0 = Release|Any CPU
		{EC26EDDF-2F47-4190-8078-51AF1C66181F}.Debug|Any CPU.ActiveCfg = Debug|Any CPU
		{EC26EDDF-2F47-4190-8078-51AF1C66181F}.Debug|Any CPU.Build.0 = Debug|Any CPU
		{EC26EDDF-2F47-4190-8078-51AF1C66181F}.Release|Any CPU.ActiveCfg = Release|Any CPU
		{EC26EDDF-2F47-4190-8078-51AF1C66181F}.Release|Any CPU.Build.0 = Release|Any CPU
		{76AB5A76-9E00-4B14-B257-262BAA578A4A}.Debug|Any CPU.ActiveCfg = Debug|Any CPU
		{76AB5A76-9E00-4B14-B257-262BAA578A4A}.Debug|Any CPU.Build.0 = Debug|Any CPU
		{76AB5A76-9E00-4B14-B257-262BAA578A4A}.Release|Any CPU.ActiveCfg = Release|Any CPU
		{76AB5A76-9E00-4B14-B257-262BAA578A4A}.Release|Any CPU.Build.0 = Release|Any CPU
		{8F95A1A6-0813-4293-BDDE-55B455B6423A}.Debug|Any CPU.ActiveCfg = Debug|Any CPU
		{8F95A1A6-0813-4293-BDDE-55B455B6423A}.Debug|Any CPU.Build.0 = Debug|Any CPU
		{8F95A1A6-0813-4293-BDDE-55B455B6423A}.Release|Any CPU.ActiveCfg = Release|Any CPU
		{8F95A1A6-0813-4293-BDDE-55B455B6423A}.Release|Any CPU.Build.0 = Release|Any CPU
	EndGlobalSection
	GlobalSection(SolutionProperties) = preSolution
		HideSolutionNode = FALSE
	EndGlobalSection
	GlobalSection(NestedProjects) = preSolution
		{91780E88-23D0-46D8-AF89-D3AB9BD78A3C} = {BEEAD39E-ED4A-4925-8EB5-0ABEFC06692D}
		{6C5CD046-078E-4EA1-9FA3-B8F385F3BE5C} = {3B58ABDA-B8A8-4A14-BF90-8608F3DC9782}
		{B782E81D-2112-47C5-9B15-8A5CC64EA27C} = {6C5CD046-078E-4EA1-9FA3-B8F385F3BE5C}
		{74FE894A-F6D3-43E3-9545-B39D3B2BAE59} = {6C5CD046-078E-4EA1-9FA3-B8F385F3BE5C}
		{D95DA75F-88AF-4673-B8AC-6F12A2A0E4EC} = {6C5CD046-078E-4EA1-9FA3-B8F385F3BE5C}
		{B6BF5927-6851-412F-849B-08EC9DEA48DB} = {6C5CD046-078E-4EA1-9FA3-B8F385F3BE5C}
		{E46440EB-D7EA-40D2-95E0-E03E6AF3FE0E} = {3B58ABDA-B8A8-4A14-BF90-8608F3DC9782}
		{878590D9-A49E-4D1F-BC66-8DF60C609D36} = {E46440EB-D7EA-40D2-95E0-E03E6AF3FE0E}
		{2F90FE61-D587-48C0-BA92-609B0FB24257} = {E46440EB-D7EA-40D2-95E0-E03E6AF3FE0E}
		{33ABD3A3-52CE-45A4-908E-BA07BD8315AA} = {E46440EB-D7EA-40D2-95E0-E03E6AF3FE0E}
		{4775F520-1138-457D-9D72-88274DAC957F} = {E46440EB-D7EA-40D2-95E0-E03E6AF3FE0E}
		{3A9A07A4-A783-4E49-B9FA-70A8455C98D9} = {3B58ABDA-B8A8-4A14-BF90-8608F3DC9782}
		{25C49D1E-59A2-443B-8043-BA33D0BD5843} = {3B58ABDA-B8A8-4A14-BF90-8608F3DC9782}
		{6B29AA33-82AF-4B5C-98A5-1CB87EFF46F2} = {3B58ABDA-B8A8-4A14-BF90-8608F3DC9782}
		{E31170A8-CC07-4CE3-93DB-5E63D0C0D549} = {3B58ABDA-B8A8-4A14-BF90-8608F3DC9782}
		{DE3DE620-24ED-46F1-82FC-D667D3F24DFE} = {3B58ABDA-B8A8-4A14-BF90-8608F3DC9782}
		{5EDC7BD3-4098-402D-9B3F-1ECAF8711D75} = {BEEAD39E-ED4A-4925-8EB5-0ABEFC06692D}
		{E88CDC99-DA1B-4615-8427-C402B71964EC} = {3A9A07A4-A783-4E49-B9FA-70A8455C98D9}
		{7DD041F8-59C1-48D4-92F3-B9E707CAE507} = {3A9A07A4-A783-4E49-B9FA-70A8455C98D9}
		{EC26EDDF-2F47-4190-8078-51AF1C66181F} = {3A9A07A4-A783-4E49-B9FA-70A8455C98D9}
		{76AB5A76-9E00-4B14-B257-262BAA578A4A} = {3A9A07A4-A783-4E49-B9FA-70A8455C98D9}
		{8F95A1A6-0813-4293-BDDE-55B455B6423A} = {BEEAD39E-ED4A-4925-8EB5-0ABEFC06692D}
	EndGlobalSection
	GlobalSection(ExtensibilityGlobals) = postSolution
		SolutionGuid = {08B5BF60-6C7C-4644-9E1D-CC43C2DACCAD}
	EndGlobalSection
EndGlobal
