
Microsoft Visual Studio Solution File, Format Version 12.00
# Visual Studio Version 17
VisualStudioVersion = 17.9.34607.119
MinimumVisualStudioVersion = 10.0.40219.1
Project("{2150E333-8FDC-42A3-9474-1A3956D46DE8}") = "Common", "Common", "{5556CE6D-640D-465A-AC1F-88166792826E}"
EndProject
Project("{2150E333-8FDC-42A3-9474-1A3956D46DE8}") = "Gateway", "Gateway", "{C0376B40-45C3-46D5-987D-8C9073AE7078}"
EndProject
Project("{2150E333-8FDC-42A3-9474-1A3956D46DE8}") = "Services", "Services", "{B6AA26DE-3BA6-40FB-8C30-D1A62A705A30}"
EndProject
Project("{9A19103F-16F7-4668-BE54-9A1E7A4F7556}") = "InnoClinic.Authentication", "Common\InnoClinic.Authentication\InnoClinic.Authentication.csproj", "{29F0676E-2EA2-417B-9415-F67CDAF9825F}"
EndProject
Project("{9A19103F-16F7-4668-BE54-9A1E7A4F7556}") = "InnoClinic.Contracts", "Common\InnoClinic.Contracts\InnoClinic.Contracts.csproj", "{5C7E0129-9811-4E65-9EC0-F75DDA24403F}"
EndProject
Project("{9A19103F-16F7-4668-BE54-9A1E7A4F7556}") = "InnoClinnic.Behaviours", "Common\InnoClinnic.Behaviours\InnoClinnic.Behaviours.csproj", "{1CD37080-45CC-4717-8AEC-FD06D899ECAC}"
EndProject
Project("{9A19103F-16F7-4668-BE54-9A1E7A4F7556}") = "Gateway.API", "Gateway\Gateway.API\Gateway.API.csproj", "{65124F2E-155B-42AF-8DEA-1B28496E6419}"
EndProject
Project("{2150E333-8FDC-42A3-9474-1A3956D46DE8}") = "Appointments", "Appointments", "{1FD00E62-0407-42FE-8D9D-587CECFEE70D}"
EndProject
Project("{9A19103F-16F7-4668-BE54-9A1E7A4F7556}") = "Appointments.API", "Services\Appointments\Appointments.API\Appointments.API.csproj", "{2D39793F-C673-44FC-816A-B058A15E9B1D}"
EndProject
Project("{9A19103F-16F7-4668-BE54-9A1E7A4F7556}") = "Appointments.Application", "Services\Appointments\Appointments.Application\Appointments.Application.csproj", "{D7D3B79F-2B47-43F1-ACCE-C0A5B04103CF}"
EndProject
Project("{9A19103F-16F7-4668-BE54-9A1E7A4F7556}") = "Appointments.Domain", "Services\Appointments\Appointments.Domain\Appointments.Domain.csproj", "{3FEEBA11-7953-4CF0-9208-7BC8F1D416AE}"
EndProject
Project("{9A19103F-16F7-4668-BE54-9A1E7A4F7556}") = "Appointments.Infrastructure", "Services\Appointments\Appointments.Infrastructure\Appointments.Infrastructure.csproj", "{B91CF2BA-B681-4822-9FD3-E70BEC6B66F4}"
EndProject
Project("{2150E333-8FDC-42A3-9474-1A3956D46DE8}") = "Identity", "Identity", "{8B27537D-16BD-4D14-9FB5-BD94E853CA8B}"
EndProject
Project("{9A19103F-16F7-4668-BE54-9A1E7A4F7556}") = "Auth.API", "Services\Identity\Auth.API\Auth.API.csproj", "{4809CA6A-2943-4E8C-8B2D-DA4731B5F0BD}"
EndProject
Project("{9A19103F-16F7-4668-BE54-9A1E7A4F7556}") = "Auth.Application", "Services\Identity\Auth.Application\Auth.Application.csproj", "{05A8510D-DB61-48AD-A5F7-30B87291577D}"
EndProject
Project("{9A19103F-16F7-4668-BE54-9A1E7A4F7556}") = "Auth.Domain", "Services\Identity\Auth.Domain\Auth.Domain.csproj", "{72FB0233-4BB3-4DBE-BB9F-5EEC4B3839DB}"
EndProject
Project("{9A19103F-16F7-4668-BE54-9A1E7A4F7556}") = "Auth.Infrastructure", "Services\Identity\Auth.Infrastructure\Auth.Infrastructure.csproj", "{4E0AC069-591C-4599-930D-3AACC4AC4471}"
EndProject
Project("{2150E333-8FDC-42A3-9474-1A3956D46DE8}") = "Documents", "Documents", "{A0220172-9D2C-49EC-B47B-67C20783B3FD}"
EndProject
Project("{9A19103F-16F7-4668-BE54-9A1E7A4F7556}") = "Documents.API", "Services\Documents\Documents.API\Documents.API.csproj", "{D1B55772-F0C4-409A-92B7-107EFF81811C}"
EndProject
Project("{9A19103F-16F7-4668-BE54-9A1E7A4F7556}") = "Documents.Application", "Services\Documents\Documents.Application\Documents.Application.csproj", "{5A543F0A-A891-4CAA-AF08-FF67E941FE04}"
EndProject
Project("{9A19103F-16F7-4668-BE54-9A1E7A4F7556}") = "Documents.Domain", "Services\Documents\Documents.Domain\Documents.Domain.csproj", "{08223EF7-8FEC-4599-8AF8-4A4B3618796D}"
EndProject
Project("{9A19103F-16F7-4668-BE54-9A1E7A4F7556}") = "Documents.Infrastructure", "Services\Documents\Documents.Infrastructure\Documents.Infrastructure.csproj", "{10674C41-4CB1-470B-91B4-81B6474FE824}"
EndProject
Project("{2150E333-8FDC-42A3-9474-1A3956D46DE8}") = "Profiles", "Profiles", "{498CD822-9FC5-488A-BD25-2AEE496B7B8F}"
EndProject
Project("{9A19103F-16F7-4668-BE54-9A1E7A4F7556}") = "Profiles.API", "Services\Profiles\Profiles.API\Profiles.API.csproj", "{53843C14-71EC-4B22-8866-2FB853CB95F4}"
EndProject
Project("{9A19103F-16F7-4668-BE54-9A1E7A4F7556}") = "Profiles.Application", "Services\Profiles\Profiles.Application\Profiles.Application.csproj", "{F5A2F027-BC49-422E-B91B-BE36A2D7A324}"
EndProject
Project("{9A19103F-16F7-4668-BE54-9A1E7A4F7556}") = "Profiles.Domain", "Services\Profiles\Profiles.Domain\Profiles.Domain.csproj", "{8647D6C0-AB92-433A-9BA1-3A6D42A45323}"
EndProject
Project("{9A19103F-16F7-4668-BE54-9A1E7A4F7556}") = "Profiles.Infrastructure", "Services\Profiles\Profiles.Infrastructure\Profiles.Infrastructure.csproj", "{E27170D5-1A04-418C-9FE0-79F13FA3C5FA}"
EndProject
Project("{2150E333-8FDC-42A3-9474-1A3956D46DE8}") = "Offices", "Offices", "{3406356E-F434-4972-B747-94E7D0C90711}"
EndProject
Project("{9A19103F-16F7-4668-BE54-9A1E7A4F7556}") = "Officies.API", "Services\Offices\Officies.API\Officies.API.csproj", "{5B2AEDB1-FF1A-4D30-A70A-91E94C8CE32D}"
EndProject
Project("{9A19103F-16F7-4668-BE54-9A1E7A4F7556}") = "Officies.Application", "Services\Offices\Officies.Application\Officies.Application.csproj", "{F8FEDF90-5B26-4927-9801-6DF7C3CB1C0E}"
EndProject
Project("{9A19103F-16F7-4668-BE54-9A1E7A4F7556}") = "Officies.Domain", "Services\Offices\Officies.Domain\Officies.Domain.csproj", "{932D8518-55A3-4594-A2EC-2C4433DCB3E6}"
EndProject
Project("{9A19103F-16F7-4668-BE54-9A1E7A4F7556}") = "Officies.Infrastructure", "Services\Offices\Officies.Infrastructure\Officies.Infrastructure.csproj", "{B5105EA6-E25C-42D2-9E83-E2863F6E6F0D}"
EndProject
Project("{2150E333-8FDC-42A3-9474-1A3956D46DE8}") = "Service", "Service", "{7E8DD6B8-94A9-4654-A9C1-294E5E2D57E8}"
EndProject
Project("{9A19103F-16F7-4668-BE54-9A1E7A4F7556}") = "Services.API", "Services\Services\Services.API\Services.API.csproj", "{483901F9-B3CA-47FE-A3D2-432AFA442EEF}"
EndProject
Project("{9A19103F-16F7-4668-BE54-9A1E7A4F7556}") = "Services.Application", "Services\Services\Services.Application\Services.Application.csproj", "{41C13710-D9A2-4385-9763-BEF21CBCB15D}"
EndProject
Project("{9A19103F-16F7-4668-BE54-9A1E7A4F7556}") = "Services.Domain", "Services\Services\Services.Domain\Services.Domain.csproj", "{95D56A37-9FF2-47DA-B8F7-B641342F9E6F}"
EndProject
Project("{9A19103F-16F7-4668-BE54-9A1E7A4F7556}") = "Services.Infrastructure", "Services\Services\Services.Infrastructure\Services.Infrastructure.csproj", "{38BADDF1-CA06-4C84-AD84-883D3AD3CABC}"
EndProject
Project("{9A19103F-16F7-4668-BE54-9A1E7A4F7556}") = "Appointments.WorkerHost", "Appointments.WorkerHost\Appointments.WorkerHost.csproj", "{DE5FCE3D-3BE5-4082-98DA-D5328C87A6DB}"
EndProject
Project("{9A19103F-16F7-4668-BE54-9A1E7A4F7556}") = "Appointments.RMQHost", "Appointments.RMQHost\Appointments.RMQHost.csproj", "{18901E8B-419F-4BCD-A671-3F597496EFC4}"
EndProject
Project("{9A19103F-16F7-4668-BE54-9A1E7A4F7556}") = "Profiles.RMQHost", "Profiles.RMQHost\Profiles.RMQHost.csproj", "{C57F0618-897B-46B4-A3DE-D467E53FFBC8}"
EndProject
Project("{9A19103F-16F7-4668-BE54-9A1E7A4F7556}") = "Appointments.UnitTests", "Appointments.UnitTests\Appointments.UnitTests.csproj", "{094B41A1-7EAC-49A4-AD36-F42D4902E131}"
EndProject
Project("{E53339B2-1760-4266-BCC7-CA923CBCF16C}") = "docker-compose", "docker-compose.dcproj", "{522ACCFC-C488-477A-8284-0ED911D87B33}"
EndProject
Project("{9A19103F-16F7-4668-BE54-9A1E7A4F7556}") = "Profiles.IntegrationTesting", "..\Profiles.IntegrationTesting\Profiles.IntegrationTesting.csproj", "{40CA054D-6801-4191-9F50-029237950E7A}"
EndProject
Global
	GlobalSection(SolutionConfigurationPlatforms) = preSolution
		Debug|Any CPU = Debug|Any CPU
		Release|Any CPU = Release|Any CPU
	EndGlobalSection
	GlobalSection(ProjectConfigurationPlatforms) = postSolution
		{29F0676E-2EA2-417B-9415-F67CDAF9825F}.Debug|Any CPU.ActiveCfg = Debug|Any CPU
		{29F0676E-2EA2-417B-9415-F67CDAF9825F}.Debug|Any CPU.Build.0 = Debug|Any CPU
		{29F0676E-2EA2-417B-9415-F67CDAF9825F}.Release|Any CPU.ActiveCfg = Release|Any CPU
		{29F0676E-2EA2-417B-9415-F67CDAF9825F}.Release|Any CPU.Build.0 = Release|Any CPU
		{5C7E0129-9811-4E65-9EC0-F75DDA24403F}.Debug|Any CPU.ActiveCfg = Debug|Any CPU
		{5C7E0129-9811-4E65-9EC0-F75DDA24403F}.Debug|Any CPU.Build.0 = Debug|Any CPU
		{5C7E0129-9811-4E65-9EC0-F75DDA24403F}.Release|Any CPU.ActiveCfg = Release|Any CPU
		{5C7E0129-9811-4E65-9EC0-F75DDA24403F}.Release|Any CPU.Build.0 = Release|Any CPU
		{1CD37080-45CC-4717-8AEC-FD06D899ECAC}.Debug|Any CPU.ActiveCfg = Debug|Any CPU
		{1CD37080-45CC-4717-8AEC-FD06D899ECAC}.Debug|Any CPU.Build.0 = Debug|Any CPU
		{1CD37080-45CC-4717-8AEC-FD06D899ECAC}.Release|Any CPU.ActiveCfg = Release|Any CPU
		{1CD37080-45CC-4717-8AEC-FD06D899ECAC}.Release|Any CPU.Build.0 = Release|Any CPU
		{65124F2E-155B-42AF-8DEA-1B28496E6419}.Debug|Any CPU.ActiveCfg = Debug|Any CPU
		{65124F2E-155B-42AF-8DEA-1B28496E6419}.Debug|Any CPU.Build.0 = Debug|Any CPU
		{65124F2E-155B-42AF-8DEA-1B28496E6419}.Release|Any CPU.ActiveCfg = Release|Any CPU
		{65124F2E-155B-42AF-8DEA-1B28496E6419}.Release|Any CPU.Build.0 = Release|Any CPU
		{2D39793F-C673-44FC-816A-B058A15E9B1D}.Debug|Any CPU.ActiveCfg = Debug|Any CPU
		{2D39793F-C673-44FC-816A-B058A15E9B1D}.Debug|Any CPU.Build.0 = Debug|Any CPU
		{2D39793F-C673-44FC-816A-B058A15E9B1D}.Release|Any CPU.ActiveCfg = Release|Any CPU
		{2D39793F-C673-44FC-816A-B058A15E9B1D}.Release|Any CPU.Build.0 = Release|Any CPU
		{D7D3B79F-2B47-43F1-ACCE-C0A5B04103CF}.Debug|Any CPU.ActiveCfg = Debug|Any CPU
		{D7D3B79F-2B47-43F1-ACCE-C0A5B04103CF}.Debug|Any CPU.Build.0 = Debug|Any CPU
		{D7D3B79F-2B47-43F1-ACCE-C0A5B04103CF}.Release|Any CPU.ActiveCfg = Release|Any CPU
		{D7D3B79F-2B47-43F1-ACCE-C0A5B04103CF}.Release|Any CPU.Build.0 = Release|Any CPU
		{3FEEBA11-7953-4CF0-9208-7BC8F1D416AE}.Debug|Any CPU.ActiveCfg = Debug|Any CPU
		{3FEEBA11-7953-4CF0-9208-7BC8F1D416AE}.Debug|Any CPU.Build.0 = Debug|Any CPU
		{3FEEBA11-7953-4CF0-9208-7BC8F1D416AE}.Release|Any CPU.ActiveCfg = Release|Any CPU
		{3FEEBA11-7953-4CF0-9208-7BC8F1D416AE}.Release|Any CPU.Build.0 = Release|Any CPU
		{B91CF2BA-B681-4822-9FD3-E70BEC6B66F4}.Debug|Any CPU.ActiveCfg = Debug|Any CPU
		{B91CF2BA-B681-4822-9FD3-E70BEC6B66F4}.Debug|Any CPU.Build.0 = Debug|Any CPU
		{B91CF2BA-B681-4822-9FD3-E70BEC6B66F4}.Release|Any CPU.ActiveCfg = Release|Any CPU
		{B91CF2BA-B681-4822-9FD3-E70BEC6B66F4}.Release|Any CPU.Build.0 = Release|Any CPU
		{4809CA6A-2943-4E8C-8B2D-DA4731B5F0BD}.Debug|Any CPU.ActiveCfg = Debug|Any CPU
		{4809CA6A-2943-4E8C-8B2D-DA4731B5F0BD}.Debug|Any CPU.Build.0 = Debug|Any CPU
		{4809CA6A-2943-4E8C-8B2D-DA4731B5F0BD}.Release|Any CPU.ActiveCfg = Release|Any CPU
		{4809CA6A-2943-4E8C-8B2D-DA4731B5F0BD}.Release|Any CPU.Build.0 = Release|Any CPU
		{05A8510D-DB61-48AD-A5F7-30B87291577D}.Debug|Any CPU.ActiveCfg = Debug|Any CPU
		{05A8510D-DB61-48AD-A5F7-30B87291577D}.Debug|Any CPU.Build.0 = Debug|Any CPU
		{05A8510D-DB61-48AD-A5F7-30B87291577D}.Release|Any CPU.ActiveCfg = Release|Any CPU
		{05A8510D-DB61-48AD-A5F7-30B87291577D}.Release|Any CPU.Build.0 = Release|Any CPU
		{72FB0233-4BB3-4DBE-BB9F-5EEC4B3839DB}.Debug|Any CPU.ActiveCfg = Debug|Any CPU
		{72FB0233-4BB3-4DBE-BB9F-5EEC4B3839DB}.Debug|Any CPU.Build.0 = Debug|Any CPU
		{72FB0233-4BB3-4DBE-BB9F-5EEC4B3839DB}.Release|Any CPU.ActiveCfg = Release|Any CPU
		{72FB0233-4BB3-4DBE-BB9F-5EEC4B3839DB}.Release|Any CPU.Build.0 = Release|Any CPU
		{4E0AC069-591C-4599-930D-3AACC4AC4471}.Debug|Any CPU.ActiveCfg = Debug|Any CPU
		{4E0AC069-591C-4599-930D-3AACC4AC4471}.Debug|Any CPU.Build.0 = Debug|Any CPU
		{4E0AC069-591C-4599-930D-3AACC4AC4471}.Release|Any CPU.ActiveCfg = Release|Any CPU
		{4E0AC069-591C-4599-930D-3AACC4AC4471}.Release|Any CPU.Build.0 = Release|Any CPU
		{D1B55772-F0C4-409A-92B7-107EFF81811C}.Debug|Any CPU.ActiveCfg = Debug|Any CPU
		{D1B55772-F0C4-409A-92B7-107EFF81811C}.Debug|Any CPU.Build.0 = Debug|Any CPU
		{D1B55772-F0C4-409A-92B7-107EFF81811C}.Release|Any CPU.ActiveCfg = Release|Any CPU
		{D1B55772-F0C4-409A-92B7-107EFF81811C}.Release|Any CPU.Build.0 = Release|Any CPU
		{5A543F0A-A891-4CAA-AF08-FF67E941FE04}.Debug|Any CPU.ActiveCfg = Debug|Any CPU
		{5A543F0A-A891-4CAA-AF08-FF67E941FE04}.Debug|Any CPU.Build.0 = Debug|Any CPU
		{5A543F0A-A891-4CAA-AF08-FF67E941FE04}.Release|Any CPU.ActiveCfg = Release|Any CPU
		{5A543F0A-A891-4CAA-AF08-FF67E941FE04}.Release|Any CPU.Build.0 = Release|Any CPU
		{08223EF7-8FEC-4599-8AF8-4A4B3618796D}.Debug|Any CPU.ActiveCfg = Debug|Any CPU
		{08223EF7-8FEC-4599-8AF8-4A4B3618796D}.Debug|Any CPU.Build.0 = Debug|Any CPU
		{08223EF7-8FEC-4599-8AF8-4A4B3618796D}.Release|Any CPU.ActiveCfg = Release|Any CPU
		{08223EF7-8FEC-4599-8AF8-4A4B3618796D}.Release|Any CPU.Build.0 = Release|Any CPU
		{10674C41-4CB1-470B-91B4-81B6474FE824}.Debug|Any CPU.ActiveCfg = Debug|Any CPU
		{10674C41-4CB1-470B-91B4-81B6474FE824}.Debug|Any CPU.Build.0 = Debug|Any CPU
		{10674C41-4CB1-470B-91B4-81B6474FE824}.Release|Any CPU.ActiveCfg = Release|Any CPU
		{10674C41-4CB1-470B-91B4-81B6474FE824}.Release|Any CPU.Build.0 = Release|Any CPU
		{53843C14-71EC-4B22-8866-2FB853CB95F4}.Debug|Any CPU.ActiveCfg = Debug|Any CPU
		{53843C14-71EC-4B22-8866-2FB853CB95F4}.Debug|Any CPU.Build.0 = Debug|Any CPU
		{53843C14-71EC-4B22-8866-2FB853CB95F4}.Release|Any CPU.ActiveCfg = Release|Any CPU
		{53843C14-71EC-4B22-8866-2FB853CB95F4}.Release|Any CPU.Build.0 = Release|Any CPU
		{F5A2F027-BC49-422E-B91B-BE36A2D7A324}.Debug|Any CPU.ActiveCfg = Debug|Any CPU
		{F5A2F027-BC49-422E-B91B-BE36A2D7A324}.Debug|Any CPU.Build.0 = Debug|Any CPU
		{F5A2F027-BC49-422E-B91B-BE36A2D7A324}.Release|Any CPU.ActiveCfg = Release|Any CPU
		{F5A2F027-BC49-422E-B91B-BE36A2D7A324}.Release|Any CPU.Build.0 = Release|Any CPU
		{8647D6C0-AB92-433A-9BA1-3A6D42A45323}.Debug|Any CPU.ActiveCfg = Debug|Any CPU
		{8647D6C0-AB92-433A-9BA1-3A6D42A45323}.Debug|Any CPU.Build.0 = Debug|Any CPU
		{8647D6C0-AB92-433A-9BA1-3A6D42A45323}.Release|Any CPU.ActiveCfg = Release|Any CPU
		{8647D6C0-AB92-433A-9BA1-3A6D42A45323}.Release|Any CPU.Build.0 = Release|Any CPU
		{E27170D5-1A04-418C-9FE0-79F13FA3C5FA}.Debug|Any CPU.ActiveCfg = Debug|Any CPU
		{E27170D5-1A04-418C-9FE0-79F13FA3C5FA}.Debug|Any CPU.Build.0 = Debug|Any CPU
		{E27170D5-1A04-418C-9FE0-79F13FA3C5FA}.Release|Any CPU.ActiveCfg = Release|Any CPU
		{E27170D5-1A04-418C-9FE0-79F13FA3C5FA}.Release|Any CPU.Build.0 = Release|Any CPU
		{5B2AEDB1-FF1A-4D30-A70A-91E94C8CE32D}.Debug|Any CPU.ActiveCfg = Debug|Any CPU
		{5B2AEDB1-FF1A-4D30-A70A-91E94C8CE32D}.Debug|Any CPU.Build.0 = Debug|Any CPU
		{5B2AEDB1-FF1A-4D30-A70A-91E94C8CE32D}.Release|Any CPU.ActiveCfg = Release|Any CPU
		{5B2AEDB1-FF1A-4D30-A70A-91E94C8CE32D}.Release|Any CPU.Build.0 = Release|Any CPU
		{F8FEDF90-5B26-4927-9801-6DF7C3CB1C0E}.Debug|Any CPU.ActiveCfg = Debug|Any CPU
		{F8FEDF90-5B26-4927-9801-6DF7C3CB1C0E}.Debug|Any CPU.Build.0 = Debug|Any CPU
		{F8FEDF90-5B26-4927-9801-6DF7C3CB1C0E}.Release|Any CPU.ActiveCfg = Release|Any CPU
		{F8FEDF90-5B26-4927-9801-6DF7C3CB1C0E}.Release|Any CPU.Build.0 = Release|Any CPU
		{932D8518-55A3-4594-A2EC-2C4433DCB3E6}.Debug|Any CPU.ActiveCfg = Debug|Any CPU
		{932D8518-55A3-4594-A2EC-2C4433DCB3E6}.Debug|Any CPU.Build.0 = Debug|Any CPU
		{932D8518-55A3-4594-A2EC-2C4433DCB3E6}.Release|Any CPU.ActiveCfg = Release|Any CPU
		{932D8518-55A3-4594-A2EC-2C4433DCB3E6}.Release|Any CPU.Build.0 = Release|Any CPU
		{B5105EA6-E25C-42D2-9E83-E2863F6E6F0D}.Debug|Any CPU.ActiveCfg = Debug|Any CPU
		{B5105EA6-E25C-42D2-9E83-E2863F6E6F0D}.Debug|Any CPU.Build.0 = Debug|Any CPU
		{B5105EA6-E25C-42D2-9E83-E2863F6E6F0D}.Release|Any CPU.ActiveCfg = Release|Any CPU
		{B5105EA6-E25C-42D2-9E83-E2863F6E6F0D}.Release|Any CPU.Build.0 = Release|Any CPU
		{483901F9-B3CA-47FE-A3D2-432AFA442EEF}.Debug|Any CPU.ActiveCfg = Debug|Any CPU
		{483901F9-B3CA-47FE-A3D2-432AFA442EEF}.Debug|Any CPU.Build.0 = Debug|Any CPU
		{483901F9-B3CA-47FE-A3D2-432AFA442EEF}.Release|Any CPU.ActiveCfg = Release|Any CPU
		{483901F9-B3CA-47FE-A3D2-432AFA442EEF}.Release|Any CPU.Build.0 = Release|Any CPU
		{41C13710-D9A2-4385-9763-BEF21CBCB15D}.Debug|Any CPU.ActiveCfg = Debug|Any CPU
		{41C13710-D9A2-4385-9763-BEF21CBCB15D}.Debug|Any CPU.Build.0 = Debug|Any CPU
		{41C13710-D9A2-4385-9763-BEF21CBCB15D}.Release|Any CPU.ActiveCfg = Release|Any CPU
		{41C13710-D9A2-4385-9763-BEF21CBCB15D}.Release|Any CPU.Build.0 = Release|Any CPU
		{95D56A37-9FF2-47DA-B8F7-B641342F9E6F}.Debug|Any CPU.ActiveCfg = Debug|Any CPU
		{95D56A37-9FF2-47DA-B8F7-B641342F9E6F}.Debug|Any CPU.Build.0 = Debug|Any CPU
		{95D56A37-9FF2-47DA-B8F7-B641342F9E6F}.Release|Any CPU.ActiveCfg = Release|Any CPU
		{95D56A37-9FF2-47DA-B8F7-B641342F9E6F}.Release|Any CPU.Build.0 = Release|Any CPU
		{38BADDF1-CA06-4C84-AD84-883D3AD3CABC}.Debug|Any CPU.ActiveCfg = Debug|Any CPU
		{38BADDF1-CA06-4C84-AD84-883D3AD3CABC}.Debug|Any CPU.Build.0 = Debug|Any CPU
		{38BADDF1-CA06-4C84-AD84-883D3AD3CABC}.Release|Any CPU.ActiveCfg = Release|Any CPU
		{38BADDF1-CA06-4C84-AD84-883D3AD3CABC}.Release|Any CPU.Build.0 = Release|Any CPU
		{DE5FCE3D-3BE5-4082-98DA-D5328C87A6DB}.Debug|Any CPU.ActiveCfg = Debug|Any CPU
		{DE5FCE3D-3BE5-4082-98DA-D5328C87A6DB}.Debug|Any CPU.Build.0 = Debug|Any CPU
		{DE5FCE3D-3BE5-4082-98DA-D5328C87A6DB}.Release|Any CPU.ActiveCfg = Release|Any CPU
		{DE5FCE3D-3BE5-4082-98DA-D5328C87A6DB}.Release|Any CPU.Build.0 = Release|Any CPU
		{18901E8B-419F-4BCD-A671-3F597496EFC4}.Debug|Any CPU.ActiveCfg = Debug|Any CPU
		{18901E8B-419F-4BCD-A671-3F597496EFC4}.Debug|Any CPU.Build.0 = Debug|Any CPU
		{18901E8B-419F-4BCD-A671-3F597496EFC4}.Release|Any CPU.ActiveCfg = Release|Any CPU
		{18901E8B-419F-4BCD-A671-3F597496EFC4}.Release|Any CPU.Build.0 = Release|Any CPU
		{C57F0618-897B-46B4-A3DE-D467E53FFBC8}.Debug|Any CPU.ActiveCfg = Debug|Any CPU
		{C57F0618-897B-46B4-A3DE-D467E53FFBC8}.Debug|Any CPU.Build.0 = Debug|Any CPU
		{C57F0618-897B-46B4-A3DE-D467E53FFBC8}.Release|Any CPU.ActiveCfg = Release|Any CPU
		{C57F0618-897B-46B4-A3DE-D467E53FFBC8}.Release|Any CPU.Build.0 = Release|Any CPU
		{094B41A1-7EAC-49A4-AD36-F42D4902E131}.Debug|Any CPU.ActiveCfg = Debug|Any CPU
		{094B41A1-7EAC-49A4-AD36-F42D4902E131}.Debug|Any CPU.Build.0 = Debug|Any CPU
		{094B41A1-7EAC-49A4-AD36-F42D4902E131}.Release|Any CPU.ActiveCfg = Release|Any CPU
		{094B41A1-7EAC-49A4-AD36-F42D4902E131}.Release|Any CPU.Build.0 = Release|Any CPU
		{522ACCFC-C488-477A-8284-0ED911D87B33}.Debug|Any CPU.ActiveCfg = Debug|Any CPU
		{522ACCFC-C488-477A-8284-0ED911D87B33}.Debug|Any CPU.Build.0 = Debug|Any CPU
		{522ACCFC-C488-477A-8284-0ED911D87B33}.Release|Any CPU.ActiveCfg = Release|Any CPU
		{522ACCFC-C488-477A-8284-0ED911D87B33}.Release|Any CPU.Build.0 = Release|Any CPU
		{40CA054D-6801-4191-9F50-029237950E7A}.Debug|Any CPU.ActiveCfg = Debug|Any CPU
		{40CA054D-6801-4191-9F50-029237950E7A}.Debug|Any CPU.Build.0 = Debug|Any CPU
		{40CA054D-6801-4191-9F50-029237950E7A}.Release|Any CPU.ActiveCfg = Release|Any CPU
		{40CA054D-6801-4191-9F50-029237950E7A}.Release|Any CPU.Build.0 = Release|Any CPU
	EndGlobalSection
	GlobalSection(SolutionProperties) = preSolution
		HideSolutionNode = FALSE
	EndGlobalSection
	GlobalSection(NestedProjects) = preSolution
		{29F0676E-2EA2-417B-9415-F67CDAF9825F} = {5556CE6D-640D-465A-AC1F-88166792826E}
		{5C7E0129-9811-4E65-9EC0-F75DDA24403F} = {5556CE6D-640D-465A-AC1F-88166792826E}
		{1CD37080-45CC-4717-8AEC-FD06D899ECAC} = {5556CE6D-640D-465A-AC1F-88166792826E}
		{65124F2E-155B-42AF-8DEA-1B28496E6419} = {C0376B40-45C3-46D5-987D-8C9073AE7078}
		{1FD00E62-0407-42FE-8D9D-587CECFEE70D} = {B6AA26DE-3BA6-40FB-8C30-D1A62A705A30}
		{2D39793F-C673-44FC-816A-B058A15E9B1D} = {1FD00E62-0407-42FE-8D9D-587CECFEE70D}
		{D7D3B79F-2B47-43F1-ACCE-C0A5B04103CF} = {1FD00E62-0407-42FE-8D9D-587CECFEE70D}
		{3FEEBA11-7953-4CF0-9208-7BC8F1D416AE} = {1FD00E62-0407-42FE-8D9D-587CECFEE70D}
		{B91CF2BA-B681-4822-9FD3-E70BEC6B66F4} = {1FD00E62-0407-42FE-8D9D-587CECFEE70D}
		{8B27537D-16BD-4D14-9FB5-BD94E853CA8B} = {B6AA26DE-3BA6-40FB-8C30-D1A62A705A30}
		{4809CA6A-2943-4E8C-8B2D-DA4731B5F0BD} = {8B27537D-16BD-4D14-9FB5-BD94E853CA8B}
		{05A8510D-DB61-48AD-A5F7-30B87291577D} = {8B27537D-16BD-4D14-9FB5-BD94E853CA8B}
		{72FB0233-4BB3-4DBE-BB9F-5EEC4B3839DB} = {8B27537D-16BD-4D14-9FB5-BD94E853CA8B}
		{4E0AC069-591C-4599-930D-3AACC4AC4471} = {8B27537D-16BD-4D14-9FB5-BD94E853CA8B}
		{A0220172-9D2C-49EC-B47B-67C20783B3FD} = {B6AA26DE-3BA6-40FB-8C30-D1A62A705A30}
		{D1B55772-F0C4-409A-92B7-107EFF81811C} = {A0220172-9D2C-49EC-B47B-67C20783B3FD}
		{5A543F0A-A891-4CAA-AF08-FF67E941FE04} = {A0220172-9D2C-49EC-B47B-67C20783B3FD}
		{08223EF7-8FEC-4599-8AF8-4A4B3618796D} = {A0220172-9D2C-49EC-B47B-67C20783B3FD}
		{10674C41-4CB1-470B-91B4-81B6474FE824} = {A0220172-9D2C-49EC-B47B-67C20783B3FD}
		{498CD822-9FC5-488A-BD25-2AEE496B7B8F} = {B6AA26DE-3BA6-40FB-8C30-D1A62A705A30}
		{53843C14-71EC-4B22-8866-2FB853CB95F4} = {498CD822-9FC5-488A-BD25-2AEE496B7B8F}
		{F5A2F027-BC49-422E-B91B-BE36A2D7A324} = {498CD822-9FC5-488A-BD25-2AEE496B7B8F}
		{8647D6C0-AB92-433A-9BA1-3A6D42A45323} = {498CD822-9FC5-488A-BD25-2AEE496B7B8F}
		{E27170D5-1A04-418C-9FE0-79F13FA3C5FA} = {498CD822-9FC5-488A-BD25-2AEE496B7B8F}
		{3406356E-F434-4972-B747-94E7D0C90711} = {B6AA26DE-3BA6-40FB-8C30-D1A62A705A30}
		{5B2AEDB1-FF1A-4D30-A70A-91E94C8CE32D} = {3406356E-F434-4972-B747-94E7D0C90711}
		{F8FEDF90-5B26-4927-9801-6DF7C3CB1C0E} = {3406356E-F434-4972-B747-94E7D0C90711}
		{932D8518-55A3-4594-A2EC-2C4433DCB3E6} = {3406356E-F434-4972-B747-94E7D0C90711}
		{B5105EA6-E25C-42D2-9E83-E2863F6E6F0D} = {3406356E-F434-4972-B747-94E7D0C90711}
		{7E8DD6B8-94A9-4654-A9C1-294E5E2D57E8} = {B6AA26DE-3BA6-40FB-8C30-D1A62A705A30}
		{483901F9-B3CA-47FE-A3D2-432AFA442EEF} = {7E8DD6B8-94A9-4654-A9C1-294E5E2D57E8}
		{41C13710-D9A2-4385-9763-BEF21CBCB15D} = {7E8DD6B8-94A9-4654-A9C1-294E5E2D57E8}
		{95D56A37-9FF2-47DA-B8F7-B641342F9E6F} = {7E8DD6B8-94A9-4654-A9C1-294E5E2D57E8}
		{38BADDF1-CA06-4C84-AD84-883D3AD3CABC} = {7E8DD6B8-94A9-4654-A9C1-294E5E2D57E8}
		{DE5FCE3D-3BE5-4082-98DA-D5328C87A6DB} = {1FD00E62-0407-42FE-8D9D-587CECFEE70D}
		{18901E8B-419F-4BCD-A671-3F597496EFC4} = {1FD00E62-0407-42FE-8D9D-587CECFEE70D}
		{C57F0618-897B-46B4-A3DE-D467E53FFBC8} = {498CD822-9FC5-488A-BD25-2AEE496B7B8F}
		{094B41A1-7EAC-49A4-AD36-F42D4902E131} = {1FD00E62-0407-42FE-8D9D-587CECFEE70D}
		{40CA054D-6801-4191-9F50-029237950E7A} = {498CD822-9FC5-488A-BD25-2AEE496B7B8F}
	EndGlobalSection
	GlobalSection(ExtensibilityGlobals) = postSolution
		SolutionGuid = {08B5BF60-6C7C-4644-9E1D-CC43C2DACCAD}
	EndGlobalSection
EndGlobal
